<Solution>
  <Configurations>
    <Platform Name="Any CPU" />
    <Platform Name="x64" />
    <Platform Name="x86" />
  </Configurations>
  <Folder Name="/CAN/">
    <Project Path="CAN/CanPlugin.UI/CanPlugin.UI.csproj" />
    <Project Path="CAN/CanPlugin/CanPlugin.csproj" />
  </Folder>
  <Folder Name="/LabVIEWCall/">
    <Project Path="LabVIEWCall/LabVIEWCallPlugin.UI/LabVIEWCallPlugin.UI.csproj">
      <Platform Solution="*|x64" Project="x64" />
      <Platform Solution="Debug|x86" Project="x64" />
      <Platform Solution="Release|x86" Project="x86" />
    </Project>
    <Project Path="LabVIEWCall/LabVIEWCallPlugin/LabVIEWCallPlugin.csproj">
      <Platform Solution="*|x64" Project="x64" />
      <Platform Solution="Debug|x86" Project="x64" />
      <Platform Solution="Release|x86" Project="x86" />
    </Project>
  </Folder>
  <Folder Name="/LXI/">
    <Project Path="LXI/LxiPlugin.UI/LxiPlugin.UI.csproj" />
    <Project Path="LXI/LxiPlugin/LxiPlugin.csproj" />
  </Folder>
    <Folder Name="/Modbus/">
    <Project Path="Modbus/ModbusPlugin.UI/ModbusPlugin.UI.csproj" />
    <Project Path="Modbus/ModbusPlugin/ModbusPlugin.csproj" />
  </Folder>
  <Folder Name="/SerialPort/">
    <Project Path="SerialPort/SerialPortPlugin.UI/SerialPortPlugin.UI.csproj" />
    <Project Path="SerialPort/SerialPortPlugin/SerialPortPlugin.csproj" />
  </Folder>
</Solution>

