<Solution>
  <Configurations>
    <Platform Name="Any CPU" />
    <Platform Name="x64" />
    <Platform Name="x86" />
  </Configurations>
  <Folder Name="/CAN/">
    <Project Path="CAN/CanPlugin.UI/CanPlugin.UI.csproj" />
    <Project Path="CAN/CanPlugin/CanPlugin.csproj" />
  </Folder>
  <Folder Name="/Ethernet/">
    <Project Path="Ethernet/EthernetPlugin.UI/EthernetPlugin.UI.csproj" />
    <Project Path="Ethernet/EthernetPlugin/EthernetPlugin.csproj" />
  </Folder>
  <Folder Name="/LabVIEW_Call/">
    <Project Path="LabVIEWCall/LabVIEWCallPlugin.UI/LabVIEWCallPlugin.UI.csproj">
      <Platform Solution="*|x64" Project="x64" />
    </Project>
    <Project Path="LabVIEWCall/LabVIEWCallPlugin/LabVIEWCallPlugin.csproj">
      <Platform Solution="*|x64" Project="x64" />
    </Project>
  </Folder>
  <Folder Name="/LIN/">
    <Project Path="LIN/LinPlugin.UI/LinPlugin.UI.csproj" />
    <Project Path="LIN/LinPlugin/LinPlugin.csproj" />
  </Folder>
    <Folder Name="/Modbus/">
      <Project Path="Modbus/ModbusPlugin.UI/ModbusPlugin.UI.csproj" />
      <Project Path="Modbus/ModbusPlugin/ModbusPlugin.csproj" />
    </Folder>
  <Folder Name="/NI_DAQ/" Id="f7394a31-46d6-370b-66da-9088f84a9bc3">
    <Project Path="NiDaq/NiDaqPlugin.UI/NiDaqPlugin.UI.csproj" />
    <Project Path="NiDaq/NiDaqPlugin/NiDaqPlugin.csproj" />
  </Folder>
  <Folder Name="/OPC_UA/" Id="ad1bf027-2a23-54fa-b8df-053e3de6f9bd">
    <Project Path="OpcUa/OpcUaPlugin.UI/OpcUaPlugin.UI.csproj" />
    <Project Path="OpcUa/OpcUaPlugin/OpcUaPlugin.csproj" />
  </Folder>
  <Folder Name="/SerialPort/">
    <Project Path="SerialPort/SerialPortPlugin.UI/SerialPortPlugin.UI.csproj" />
    <Project Path="SerialPort/SerialPortPlugin/SerialPortPlugin.csproj" />
  </Folder>
  <Folder Name="/VISA/">
    <Project Path="VISA/VisaPlugin.UI/VisaPlugin.UI.csproj" />
    <Project Path="VISA/VisaPlugin/VisaPlugin.csproj" />
  </Folder>
</Solution>

